{
  "requires": true,
  "lockfileVersion": 1,
  "dependencies": {
    "iframe-resizer": {
      "version": "3.5.15",
      "resolved": "https://registry.npmjs.org/iframe-resizer/-/iframe-resizer-3.5.15.tgz",
      "integrity": "sha512-ZdmPmqafz5Vy2ooUW38LTl6ACcArfK53FQPtR8gOwb74nXiMRkuOV4Vr4w1LHu/YDVlnB1D7qONVX6BUD5DbHA=="
    }
  }
}
